{
  "requires": true,
  "lockfileVersion": 1,
  "dependencies": {
    "flux-standard-action": {
      "version": "2.1.0",
      "resolved": "https://registry.npmjs.org/flux-standard-action/-/flux-standard-action-2.1.0.tgz",
      "integrity": "sha512-9Gd5RIfxyvS33xfxRf/ePOBKcPe4BlMu6qg6aS+kieTcVLgn19O6t/n7TY2deT5L0uhUSFpJg2fq5BpUsShpfw==",
      "requires": {
        "lodash": "^4.17.11"
      }
    },
    "is-promise": {
      "version": "2.1.0",
      "resolved": "https://registry.npmjs.org/is-promise/-/is-promise-2.1.0.tgz",
      "integrity": "sha1-eaKp7OfwlugPNtKy87wWwf9L8/o="
    },
    "lodash": {
      "version": "4.17.15",
      "resolved": "https://registry.npmjs.org/lodash/-/lodash-4.17.15.tgz",
      "integrity": "sha512-8xOcRHvCjnocdS5cpwXQXVzmmh5e5+saE2QGoeQmbKmRS6J3VQppPOIt0MnmE+4xlZoumy0GPG0D0MVIQbNA1A=="
    },
    "redux-promise": {
      "version": "0.6.0",
      "resolved": "https://registry.npmjs.org/redux-promise/-/redux-promise-0.6.0.tgz",
      "integrity": "sha512-R2mGxJbPFgXyCNbFDE6LjTZhCEuACF54g1bxld3nqBhnRMX0OsUyWk77moF7UMGkUdl5WOAwc4BC5jOd1dunqQ==",
      "requires": {
        "flux-standard-action": "^2.0.3",
        "is-promise": "^2.1.0"
      }
    }
  }
}
